
Microsoft Visual Studio Solution File, Format Version 12.00
# Visual Studio Version 17
VisualStudioVersion = 17.4.33213.308
MinimumVisualStudioVersion = 10.0.40219.1
Project("{FAE04EC0-301F-11D3-BF4B-00C04F79EFBC}") = "tzz", "tzz\tzz.csproj", "{0BE070A8-159F-4E79-A48D-E26DF8A06493}"
EndProject
Global
	GlobalSection(SolutionConfigurationPlatforms) = preSolution
		Debug|Any CPU = Debug|Any CPU
		Release|Any CPU = Release|Any CPU
	EndGlobalSection
	GlobalSection(ProjectConfigurationPlatforms) = postSolution
		{0BE070A8-159F-4E79-A48D-E26DF8A06493}.Debug|Any CPU.ActiveCfg = Debug|Any CPU
		{0BE070A8-159F-4E79-A48D-E26DF8A06493}.Debug|Any CPU.Build.0 = Debug|Any CPU
		{0BE070A8-159F-4E79-A48D-E26DF8A06493}.Release|Any CPU.ActiveCfg = Release|Any CPU
		{0BE070A8-159F-4E79-A48D-E26DF8A06493}.Release|Any CPU.Build.0 = Release|Any CPU
	EndGlobalSection
	GlobalSection(SolutionProperties) = preSolution
		HideSolutionNode = FALSE
	EndGlobalSection
	GlobalSection(ExtensibilityGlobals) = postSolution
		SolutionGuid = {31F831E9-7615-425B-B64E-6B21B515E8CD}
	EndGlobalSection
EndGlobal
